
Microsoft Visual Studio Solution File, Format Version 12.00
# Visual Studio Version 17
VisualStudioVersion = 17.7.34031.279
MinimumVisualStudioVersion = 10.0.40219.1
Project("{9A19103F-16F7-4668-BE54-9A1E7A4F7556}") = "JsonWriterPerf", "JsonWriterPerf\JsonWriterPerf.csproj", "{B30F79CF-7261-48AC-9AE8-ACFF19E0CB8C}"
EndProject
Project("{FAE04EC0-301F-11D3-BF4B-00C04F79EFBC}") = "JsonWriterTests", "JsonWriterTests\JsonWriterTests.csproj", "{27DD9C1C-31B9-4018-BA33-DC2DE00F5A9A}"
EndProject
Global
	GlobalSection(SolutionConfigurationPlatforms) = preSolution
		Debug|Any CPU = Debug|Any CPU
		Release|Any CPU = Release|Any CPU
	EndGlobalSection
	GlobalSection(ProjectConfigurationPlatforms) = postSolution
		{B30F79CF-7261-48AC-9AE8-ACFF19E0CB8C}.Debug|Any CPU.ActiveCfg = Debug|Any CPU
		{B30F79CF-7261-48AC-9AE8-ACFF19E0CB8C}.Debug|Any CPU.Build.0 = Debug|Any CPU
		{B30F79CF-7261-48AC-9AE8-ACFF19E0CB8C}.Release|Any CPU.ActiveCfg = Release|Any CPU
		{B30F79CF-7261-48AC-9AE8-ACFF19E0CB8C}.Release|Any CPU.Build.0 = Release|Any CPU
		{27DD9C1C-31B9-4018-BA33-DC2DE00F5A9A}.Debug|Any CPU.ActiveCfg = Debug|Any CPU
		{27DD9C1C-31B9-4018-BA33-DC2DE00F5A9A}.Debug|Any CPU.Build.0 = Debug|Any CPU
		{27DD9C1C-31B9-4018-BA33-DC2DE00F5A9A}.Release|Any CPU.ActiveCfg = Release|Any CPU
		{27DD9C1C-31B9-4018-BA33-DC2DE00F5A9A}.Release|Any CPU.Build.0 = Release|Any CPU
	EndGlobalSection
	GlobalSection(SolutionProperties) = preSolution
		HideSolutionNode = FALSE
	EndGlobalSection
	GlobalSection(ExtensibilityGlobals) = postSolution
		SolutionGuid = {E7095F0F-8BEC-433B-94D5-ECA592ACA908}
	EndGlobalSection
EndGlobal
