
Microsoft Visual Studio Solution File, Format Version 12.00
# Visual Studio Version 17
VisualStudioVersion = 17.8.34511.84
MinimumVisualStudioVersion = 10.0.40219.1
Project("{FAE04EC0-301F-11D3-BF4B-00C04F79EFBC}") = "JsonSerializerLargeValuesMemoryAllocations", "JsonSerializerLargeValuesMemoryAllocations\JsonSerializerLargeValuesMemoryAllocations.csproj", "{AB52CFBE-2B4E-4A7F-BF69-3B8094158DEC}"
EndProject
Global
	GlobalSection(SolutionConfigurationPlatforms) = preSolution
		Debug|Any CPU = Debug|Any CPU
		Release|Any CPU = Release|Any CPU
	EndGlobalSection
	GlobalSection(ProjectConfigurationPlatforms) = postSolution
		{AB52CFBE-2B4E-4A7F-BF69-3B8094158DEC}.Debug|Any CPU.ActiveCfg = Debug|Any CPU
		{AB52CFBE-2B4E-4A7F-BF69-3B8094158DEC}.Debug|Any CPU.Build.0 = Debug|Any CPU
		{AB52CFBE-2B4E-4A7F-BF69-3B8094158DEC}.Release|Any CPU.ActiveCfg = Release|Any CPU
		{AB52CFBE-2B4E-4A7F-BF69-3B8094158DEC}.Release|Any CPU.Build.0 = Release|Any CPU
	EndGlobalSection
	GlobalSection(SolutionProperties) = preSolution
		HideSolutionNode = FALSE
	EndGlobalSection
	GlobalSection(ExtensibilityGlobals) = postSolution
		SolutionGuid = {F1F890BE-5A49-494B-B138-02A61A640379}
	EndGlobalSection
EndGlobal
